# This file is generated by running "yarn install" inside your project.
# Manual changes might be lost - proceed with caution!

__metadata:
  version: 6
  cacheKey: 8

"momentjs@npm:>1.0.0":
  version: 1.1.17
  resolution: "momentjs@npm:1.1.17"
  checksum: f74cac2bca97cae196c11aa79f2027f2b8353d200d701c66c47e54ab4c002cdf78b3c865fe0c4fc5674498cff223f0750fdb512231930d917ae77aef347415d1
  languageName: node
  linkType: hard

"renovate_reproduce_yarn@workspace:.":
  version: 0.0.0-use.local
  resolution: "renovate_reproduce_yarn@workspace:."
  dependencies:
    momentjs: >1.0.0
  languageName: unknown
  linkType: soft
