# This file is generated by running "yarn install" inside your project.
# Manual changes might be lost - proceed with caution!

__metadata:
  version: 6
  cacheKey: 8

"momentjs@npm:1.0.0":
  version: 1.0.0
  resolution: "momentjs@npm:1.0.0"
  checksum: 2629fdf1dc39bbe01c2b938d5ce0ee4441a91be17f4b7775c6a5bdab965dc6a457887838dab1d38756110aa3c1679da9f3ca6f66fb8af0446c4878074c19902c
  languageName: node
  linkType: hard

"renovate_reproduce_yarn@workspace:.":
  version: 0.0.0-use.local
  resolution: "renovate_reproduce_yarn@workspace:."
  dependencies:
    momentjs: 1.0.0
  languageName: unknown
  linkType: soft
